
Microsoft Visual Studio Solution File, Format Version 12.00
# Visual Studio Version 17
VisualStudioVersion = 17.9.34622.214
MinimumVisualStudioVersion = 10.0.40219.1
Project("{8BC9CEB8-8B4A-11D0-8D11-00A0C91BC942}") = "D5RobotController_CLR", "D5RobotController_CLR\D5RobotController_CLR.vcxproj", "{54131765-C496-497B-92B6-74B46BA88254}"
EndProject
Project("{FAE04EC0-301F-11D3-BF4B-00C04F79EFBC}") = "DOF5RobotControl_GUI", "D5RobotWPF\DOF5RobotControl_GUI.csproj", "{B904E312-FACE-4E19-8FCD-6D8DBCCC8BE1}"
EndProject
Project("{FAE04EC0-301F-11D3-BF4B-00C04F79EFBC}") = "D5RobotWinUI", "D5RobotWinUI\D5RobotWinUI.csproj", "{3A37A08C-30FC-474E-851F-DA8B3E9D683A}"
EndProject
Global
	GlobalSection(SolutionConfigurationPlatforms) = preSolution
		Debug|Any CPU = Debug|Any CPU
		Debug|ARM64 = Debug|ARM64
		Debug|x64 = Debug|x64
		Debug|x86 = Debug|x86
		Release|Any CPU = Release|Any CPU
		Release|ARM64 = Release|ARM64
		Release|x64 = Release|x64
		Release|x86 = Release|x86
	EndGlobalSection
	GlobalSection(ProjectConfigurationPlatforms) = postSolution
		{54131765-C496-497B-92B6-74B46BA88254}.Debug|Any CPU.ActiveCfg = Debug|x64
		{54131765-C496-497B-92B6-74B46BA88254}.Debug|Any CPU.Build.0 = Debug|x64
		{54131765-C496-497B-92B6-74B46BA88254}.Debug|ARM64.ActiveCfg = Debug|x64
		{54131765-C496-497B-92B6-74B46BA88254}.Debug|ARM64.Build.0 = Debug|x64
		{54131765-C496-497B-92B6-74B46BA88254}.Debug|x64.ActiveCfg = Debug|x64
		{54131765-C496-497B-92B6-74B46BA88254}.Debug|x64.Build.0 = Debug|x64
		{54131765-C496-497B-92B6-74B46BA88254}.Debug|x86.ActiveCfg = Debug|Win32
		{54131765-C496-497B-92B6-74B46BA88254}.Debug|x86.Build.0 = Debug|Win32
		{54131765-C496-497B-92B6-74B46BA88254}.Release|Any CPU.ActiveCfg = Release|x64
		{54131765-C496-497B-92B6-74B46BA88254}.Release|Any CPU.Build.0 = Release|x64
		{54131765-C496-497B-92B6-74B46BA88254}.Release|ARM64.ActiveCfg = Release|x64
		{54131765-C496-497B-92B6-74B46BA88254}.Release|ARM64.Build.0 = Release|x64
		{54131765-C496-497B-92B6-74B46BA88254}.Release|x64.ActiveCfg = Release|x64
		{54131765-C496-497B-92B6-74B46BA88254}.Release|x64.Build.0 = Release|x64
		{54131765-C496-497B-92B6-74B46BA88254}.Release|x86.ActiveCfg = Release|Win32
		{54131765-C496-497B-92B6-74B46BA88254}.Release|x86.Build.0 = Release|Win32
		{B904E312-FACE-4E19-8FCD-6D8DBCCC8BE1}.Debug|Any CPU.ActiveCfg = Debug|Any CPU
		{B904E312-FACE-4E19-8FCD-6D8DBCCC8BE1}.Debug|Any CPU.Build.0 = Debug|Any CPU
		{B904E312-FACE-4E19-8FCD-6D8DBCCC8BE1}.Debug|ARM64.ActiveCfg = Debug|Any CPU
		{B904E312-FACE-4E19-8FCD-6D8DBCCC8BE1}.Debug|ARM64.Build.0 = Debug|Any CPU
		{B904E312-FACE-4E19-8FCD-6D8DBCCC8BE1}.Debug|x64.ActiveCfg = Debug|x64
		{B904E312-FACE-4E19-8FCD-6D8DBCCC8BE1}.Debug|x64.Build.0 = Debug|x64
		{B904E312-FACE-4E19-8FCD-6D8DBCCC8BE1}.Debug|x86.ActiveCfg = Debug|Any CPU
		{B904E312-FACE-4E19-8FCD-6D8DBCCC8BE1}.Debug|x86.Build.0 = Debug|Any CPU
		{B904E312-FACE-4E19-8FCD-6D8DBCCC8BE1}.Release|Any CPU.ActiveCfg = Release|Any CPU
		{B904E312-FACE-4E19-8FCD-6D8DBCCC8BE1}.Release|Any CPU.Build.0 = Release|Any CPU
		{B904E312-FACE-4E19-8FCD-6D8DBCCC8BE1}.Release|ARM64.ActiveCfg = Release|Any CPU
		{B904E312-FACE-4E19-8FCD-6D8DBCCC8BE1}.Release|ARM64.Build.0 = Release|Any CPU
		{B904E312-FACE-4E19-8FCD-6D8DBCCC8BE1}.Release|x64.ActiveCfg = Release|x64
		{B904E312-FACE-4E19-8FCD-6D8DBCCC8BE1}.Release|x64.Build.0 = Release|x64
		{B904E312-FACE-4E19-8FCD-6D8DBCCC8BE1}.Release|x86.ActiveCfg = Release|Any CPU
		{B904E312-FACE-4E19-8FCD-6D8DBCCC8BE1}.Release|x86.Build.0 = Release|Any CPU
		{3A37A08C-30FC-474E-851F-DA8B3E9D683A}.Debug|Any CPU.ActiveCfg = Debug|x64
		{3A37A08C-30FC-474E-851F-DA8B3E9D683A}.Debug|Any CPU.Build.0 = Debug|x64
		{3A37A08C-30FC-474E-851F-DA8B3E9D683A}.Debug|Any CPU.Deploy.0 = Debug|x64
		{3A37A08C-30FC-474E-851F-DA8B3E9D683A}.Debug|ARM64.ActiveCfg = Debug|ARM64
		{3A37A08C-30FC-474E-851F-DA8B3E9D683A}.Debug|ARM64.Build.0 = Debug|ARM64
		{3A37A08C-30FC-474E-851F-DA8B3E9D683A}.Debug|ARM64.Deploy.0 = Debug|ARM64
		{3A37A08C-30FC-474E-851F-DA8B3E9D683A}.Debug|x64.ActiveCfg = Debug|x64
		{3A37A08C-30FC-474E-851F-DA8B3E9D683A}.Debug|x64.Build.0 = Debug|x64
		{3A37A08C-30FC-474E-851F-DA8B3E9D683A}.Debug|x64.Deploy.0 = Debug|x64
		{3A37A08C-30FC-474E-851F-DA8B3E9D683A}.Debug|x86.ActiveCfg = Debug|x86
		{3A37A08C-30FC-474E-851F-DA8B3E9D683A}.Debug|x86.Build.0 = Debug|x86
		{3A37A08C-30FC-474E-851F-DA8B3E9D683A}.Debug|x86.Deploy.0 = Debug|x86
		{3A37A08C-30FC-474E-851F-DA8B3E9D683A}.Release|Any CPU.ActiveCfg = Release|x64
		{3A37A08C-30FC-474E-851F-DA8B3E9D683A}.Release|Any CPU.Build.0 = Release|x64
		{3A37A08C-30FC-474E-851F-DA8B3E9D683A}.Release|Any CPU.Deploy.0 = Release|x64
		{3A37A08C-30FC-474E-851F-DA8B3E9D683A}.Release|ARM64.ActiveCfg = Release|ARM64
		{3A37A08C-30FC-474E-851F-DA8B3E9D683A}.Release|ARM64.Build.0 = Release|ARM64
		{3A37A08C-30FC-474E-851F-DA8B3E9D683A}.Release|ARM64.Deploy.0 = Release|ARM64
		{3A37A08C-30FC-474E-851F-DA8B3E9D683A}.Release|x64.ActiveCfg = Release|x64
		{3A37A08C-30FC-474E-851F-DA8B3E9D683A}.Release|x64.Build.0 = Release|x64
		{3A37A08C-30FC-474E-851F-DA8B3E9D683A}.Release|x64.Deploy.0 = Release|x64
		{3A37A08C-30FC-474E-851F-DA8B3E9D683A}.Release|x86.ActiveCfg = Release|x86
		{3A37A08C-30FC-474E-851F-DA8B3E9D683A}.Release|x86.Build.0 = Release|x86
		{3A37A08C-30FC-474E-851F-DA8B3E9D683A}.Release|x86.Deploy.0 = Release|x86
	EndGlobalSection
	GlobalSection(SolutionProperties) = preSolution
		HideSolutionNode = FALSE
	EndGlobalSection
	GlobalSection(ExtensibilityGlobals) = postSolution
		SolutionGuid = {147DFDBC-3AA2-491E-840E-F6BD4C583729}
	EndGlobalSection
EndGlobal
